// !$*UTF8*$!
{
	archiveVersion = 1;
	classes = {
	};
	objectVersion = 52;
	objects = {

/* Begin PBXBuildFile section */
		1F5BF63D251269360011C48E /* AppDelegate.swift in Sources */ = {isa = PBXBuildFile; fileRef = 1F5BF63C251269360011C48E /* AppDelegate.swift */; };
		1F5BF641251269360011C48E /* MainViewController.swift in Sources */ = {isa = PBXBuildFile; fileRef = 1F5BF640251269360011C48E /* MainViewController.swift */; };
		1F5BF6462512693A0011C48E /* Assets.xcassets in Resources */ = {isa = PBXBuildFile; fileRef = 1F5BF6452512693A0011C48E /* Assets.xcassets */; };
		1F5BF6492512693A0011C48E /* LaunchScreen.storyboard in Resources */ = {isa = PBXBuildFile; fileRef = 1F5BF6472512693A0011C48E /* LaunchScreen.storyboard */; };
		1F5BF652251274EB0011C48E /* Alamofire in Frameworks */ = {isa = PBXBuildFile; productRef = 1F5BF651251274EB0011C48E /* Alamofire */; };
		1F5BF658251275A80011C48E /* Country.swift in Sources */ = {isa = PBXBuildFile; fileRef = 1F5BF657251275A80011C48E /* Country.swift */; };
		1F5BF65A251277B60011C48E /* NetworkManager.swift in Sources */ = {isa = PBXBuildFile; fileRef = 1F5BF659251277B60011C48E /* NetworkManager.swift */; };
/* End PBXBuildFile section */

/* Begin PBXFileReference section */
		1F5BF639251269360011C48E /* RestCountries.app */ = {isa = PBXFileReference; explicitFileType = wrapper.application; includeInIndex = 0; path = RestCountries.app; sourceTree = BUILT_PRODUCTS_DIR; };
		1F5BF63C251269360011C48E /* AppDelegate.swift */ = {isa = PBXFileReference; lastKnownFileType = sourcecode.swift; path = AppDelegate.swift; sourceTree = "<group>"; };
		1F5BF640251269360011C48E /* MainViewController.swift */ = {isa = PBXFileReference; lastKnownFileType = sourcecode.swift; path = MainViewController.swift; sourceTree = "<group>"; };
		1F5BF6452512693A0011C48E /* Assets.xcassets */ = {isa = PBXFileReference; lastKnownFileType = folder.assetcatalog; path = Assets.xcassets; sourceTree = "<group>"; };
		1F5BF6482512693A0011C48E /* Base */ = {isa = PBXFileReference; lastKnownFileType = file.storyboard; name = Base; path = Base.lproj/LaunchScreen.storyboard; sourceTree = "<group>"; };
		1F5BF64A2512693A0011C48E /* Info.plist */ = {isa = PBXFileReference; lastKnownFileType = text.plist.xml; path = Info.plist; sourceTree = "<group>"; };
		1F5BF657251275A80011C48E /* Country.swift */ = {isa = PBXFileReference; lastKnownFileType = sourcecode.swift; path = Country.swift; sourceTree = "<group>"; };
		1F5BF659251277B60011C48E /* NetworkManager.swift */ = {isa = PBXFileReference; lastKnownFileType = sourcecode.swift; path = NetworkManager.swift; sourceTree = "<group>"; };
/* End PBXFileReference section */

/* Begin PBXFrameworksBuildPhase section */
		1F5BF636251269360011C48E /* Frameworks */ = {
			isa = PBXFrameworksBuildPhase;
			buildActionMask = 2147483647;
			files = (
				1F5BF652251274EB0011C48E /* Alamofire in Frameworks */,
			);
			runOnlyForDeploymentPostprocessing = 0;
		};
/* End PBXFrameworksBuildPhase section */

/* Begin PBXGroup section */
		1F5BF630251269360011C48E = {
			isa = PBXGroup;
			children = (
				1F5BF63B251269360011C48E /* RestCountries */,
				1F5BF63A251269360011C48E /* Products */,
			);
			sourceTree = "<group>";
		};
		1F5BF63A251269360011C48E /* Products */ = {
			isa = PBXGroup;
			children = (
				1F5BF639251269360011C48E /* RestCountries.app */,
			);
			name = Products;
			sourceTree = "<group>";
		};
		1F5BF63B251269360011C48E /* RestCountries */ = {
			isa = PBXGroup;
			children = (
				1F5BF6532512752D0011C48E /* AppDelegate */,
				1F5BF656251275710011C48E /* NetworkManager */,
				1F5BF6552512755F0011C48E /* Model */,
				1F5BF654251275440011C48E /* View */,
				1F5BF6452512693A0011C48E /* Assets.xcassets */,
				1F5BF6472512693A0011C48E /* LaunchScreen.storyboard */,
				1F5BF64A2512693A0011C48E /* Info.plist */,
			);
			path = RestCountries;
			sourceTree = "<group>";
		};
		1F5BF6532512752D0011C48E /* AppDelegate */ = {
			isa = PBXGroup;
			children = (
				1F5BF63C251269360011C48E /* AppDelegate.swift */,
			);
			path = AppDelegate;
			sourceTree = "<group>";
		};
		1F5BF654251275440011C48E /* View */ = {
			isa = PBXGroup;
			children = (
				1F5BF640251269360011C48E /* MainViewController.swift */,
			);
			path = View;
			sourceTree = "<group>";
		};
		1F5BF6552512755F0011C48E /* Model */ = {
			isa = PBXGroup;
			children = (
				1F5BF657251275A80011C48E /* Country.swift */,
			);
			path = Model;
			sourceTree = "<group>";
		};
		1F5BF656251275710011C48E /* NetworkManager */ = {
			isa = PBXGroup;
			children = (
				1F5BF659251277B60011C48E /* NetworkManager.swift */,
			);
			name = NetworkManager;
			sourceTree = "<group>";
		};
/* End PBXGroup section */

/* Begin PBXNativeTarget section */
		1F5BF638251269360011C48E /* RestCountries */ = {
			isa = PBXNativeTarget;
			buildConfigurationList = 1F5BF64D2512693A0011C48E /* Build configuration list for PBXNativeTarget "RestCountries" */;
			buildPhases = (
				1F5BF635251269360011C48E /* Sources */,
				1F5BF636251269360011C48E /* Frameworks */,
				1F5BF637251269360011C48E /* Resources */,
			);
			buildRules = (
			);
			dependencies = (
			);
			name = RestCountries;
			packageProductDependencies = (
				1F5BF651251274EB0011C48E /* Alamofire */,
			);
			productName = RestCountries;
			productReference = 1F5BF639251269360011C48E /* RestCountries.app */;
			productType = "com.apple.product-type.application";
		};
/* End PBXNativeTarget section */

/* Begin PBXProject section */
		1F5BF631251269360011C48E /* Project object */ = {
			isa = PBXProject;
			attributes = {
				LastSwiftUpdateCheck = 1170;
				LastUpgradeCheck = 1170;
				ORGANIZATIONNAME = sindija.dzintare;
				TargetAttributes = {
					1F5BF638251269360011C48E = {
						CreatedOnToolsVersion = 11.7;
					};
				};
			};
			buildConfigurationList = 1F5BF634251269360011C48E /* Build configuration list for PBXProject "RestCountries" */;
			compatibilityVersion = "Xcode 9.3";
			developmentRegion = en;
			hasScannedForEncodings = 0;
			knownRegions = (
				en,
				Base,
			);
			mainGroup = 1F5BF630251269360011C48E;
			packageReferences = (
				1F5BF650251274EB0011C48E /* XCRemoteSwiftPackageReference "Alamofire" */,
			);
			productRefGroup = 1F5BF63A251269360011C48E /* Products */;
			projectDirPath = "";
			projectRoot = "";
			targets = (
				1F5BF638251269360011C48E /* RestCountries */,
			);
		};
/* End PBXProject section */

/* Begin PBXResourcesBuildPhase section */
		1F5BF637251269360011C48E /* Resources */ = {
			isa = PBXResourcesBuildPhase;
			buildActionMask = 2147483647;
			files = (
				1F5BF6492512693A0011C48E /* LaunchScreen.storyboard in Resources */,
				1F5BF6462512693A0011C48E /* Assets.xcassets in Resources */,
			);
			runOnlyForDeploymentPostprocessing = 0;
		};
/* End PBXResourcesBuildPhase section */

/* Begin PBXSourcesBuildPhase section */
		1F5BF635251269360011C48E /* Sources */ = {
			isa = PBXSourcesBuildPhase;
			buildActionMask = 2147483647;
			files = (
				1F5BF65A251277B60011C48E /* NetworkManager.swift in Sources */,
				1F5BF641251269360011C48E /* MainViewController.swift in Sources */,
				1F5BF658251275A80011C48E /* Country.swift in Sources */,
				1F5BF63D251269360011C48E /* AppDelegate.swift in Sources */,
			);
			runOnlyForDeploymentPostprocessing = 0;
		};
/* End PBXSourcesBuildPhase section */

/* Begin PBXVariantGroup section */
		1F5BF6472512693A0011C48E /* LaunchScreen.storyboard */ = {
			isa = PBXVariantGroup;
			children = (
				1F5BF6482512693A0011C48E /* Base */,
			);
			name = LaunchScreen.storyboard;
			sourceTree = "<group>";
		};
/* End PBXVariantGroup section */

/* Begin XCBuildConfiguration section */
		1F5BF64B2512693A0011C48E /* Debug */ = {
			isa = XCBuildConfiguration;
			buildSettings = {
				ALWAYS_SEARCH_USER_PATHS = NO;
				CLANG_ANALYZER_NONNULL = YES;
				CLANG_ANALYZER_NUMBER_OBJECT_CONVERSION = YES_AGGRESSIVE;
				CLANG_CXX_LANGUAGE_STANDARD = "gnu++14";
				CLANG_CXX_LIBRARY = "libc++";
				CLANG_ENABLE_MODULES = YES;
				CLANG_ENABLE_OBJC_ARC = YES;
				CLANG_ENABLE_OBJC_WEAK = YES;
				CLANG_WARN_BLOCK_CAPTURE_AUTORELEASING = YES;
				CLANG_WARN_BOOL_CONVERSION = YES;
				CLANG_WARN_COMMA = YES;
				CLANG_WARN_CONSTANT_CONVERSION = YES;
				CLANG_WARN_DEPRECATED_OBJC_IMPLEMENTATIONS = YES;
				CLANG_WARN_DIRECT_OBJC_ISA_USAGE = YES_ERROR;
				CLANG_WARN_DOCUMENTATION_COMMENTS = YES;
				CLANG_WARN_EMPTY_BODY = YES;
				CLANG_WARN_ENUM_CONVERSION = YES;
				CLANG_WARN_INFINITE_RECURSION = YES;
				CLANG_WARN_INT_CONVERSION = YES;
				CLANG_WARN_NON_LITERAL_NULL_CONVERSION = YES;
				CLANG_WARN_OBJC_IMPLICIT_RETAIN_SELF = YES;
				CLANG_WARN_OBJC_LITERAL_CONVERSION = YES;
				CLANG_WARN_OBJC_ROOT_CLASS = YES_ERROR;
				CLANG_WARN_RANGE_LOOP_ANALYSIS = YES;
				CLANG_WARN_STRICT_PROTOTYPES = YES;
				CLANG_WARN_SUSPICIOUS_MOVE = YES;
				CLANG_WARN_UNGUARDED_AVAILABILITY = YES_AGGRESSIVE;
				CLANG_WARN_UNREACHABLE_CODE = YES;
				CLANG_WARN__DUPLICATE_METHOD_MATCH = YES;
				COPY_PHASE_STRIP = NO;
				DEBUG_INFORMATION_FORMAT = dwarf;
				ENABLE_STRICT_OBJC_MSGSEND = YES;
				ENABLE_TESTABILITY = YES;
				GCC_C_LANGUAGE_STANDARD = gnu11;
				GCC_DYNAMIC_NO_PIC = NO;
				GCC_NO_COMMON_BLOCKS = YES;
				GCC_OPTIMIZATION_LEVEL = 0;
				GCC_PREPROCESSOR_DEFINITIONS = (
					"DEBUG=1",
					"$(inherited)",
				);
				GCC_WARN_64_TO_32_BIT_CONVERSION = YES;
				GCC_WARN_ABOUT_RETURN_TYPE = YES_ERROR;
				GCC_WARN_UNDECLARED_SELECTOR = YES;
				GCC_WARN_UNINITIALIZED_AUTOS = YES_AGGRESSIVE;
				GCC_WARN_UNUSED_FUNCTION = YES;
				GCC_WARN_UNUSED_VARIABLE = YES;
				IPHONEOS_DEPLOYMENT_TARGET = 13.7;
				MTL_ENABLE_DEBUG_INFO = INCLUDE_SOURCE;
				MTL_FAST_MATH = YES;
				ONLY_ACTIVE_ARCH = YES;
				SDKROOT = iphoneos;
				SWIFT_ACTIVE_COMPILATION_CONDITIONS = DEBUG;
				SWIFT_OPTIMIZATION_LEVEL = "-Onone";
			};
			name = Debug;
		};
		1F5BF64C2512693A0011C48E /* Release */ = {
			isa = XCBuildConfiguration;
			buildSettings = {
				ALWAYS_SEARCH_USER_PATHS = NO;
				CLANG_ANALYZER_NONNULL = YES;
				CLANG_ANALYZER_NUMBER_OBJECT_CONVERSION = YES_AGGRESSIVE;
				CLANG_CXX_LANGUAGE_STANDARD = "gnu++14";
				CLANG_CXX_LIBRARY = "libc++";
				CLANG_ENABLE_MODULES = YES;
				CLANG_ENABLE_OBJC_ARC = YES;
				CLANG_ENABLE_OBJC_WEAK = YES;
				CLANG_WARN_BLOCK_CAPTURE_AUTORELEASING = YES;
				CLANG_WARN_BOOL_CONVERSION = YES;
				CLANG_WARN_COMMA = YES;
				CLANG_WARN_CONSTANT_CONVERSION = YES;
				CLANG_WARN_DEPRECATED_OBJC_IMPLEMENTATIONS = YES;
				CLANG_WARN_DIRECT_OBJC_ISA_USAGE = YES_ERROR;
				CLANG_WARN_DOCUMENTATION_COMMENTS = YES;
				CLANG_WARN_EMPTY_BODY = YES;
				CLANG_WARN_ENUM_CONVERSION = YES;
				CLANG_WARN_INFINITE_RECURSION = YES;
				CLANG_WARN_INT_CONVERSION = YES;
				CLANG_WARN_NON_LITERAL_NULL_CONVERSION = YES;
				CLANG_WARN_OBJC_IMPLICIT_RETAIN_SELF = YES;
				CLANG_WARN_OBJC_LITERAL_CONVERSION = YES;
				CLANG_WARN_OBJC_ROOT_CLASS = YES_ERROR;
				CLANG_WARN_RANGE_LOOP_ANALYSIS = YES;
				CLANG_WARN_STRICT_PROTOTYPES = YES;
				CLANG_WARN_SUSPICIOUS_MOVE = YES;
				CLANG_WARN_UNGUARDED_AVAILABILITY = YES_AGGRESSIVE;
				CLANG_WARN_UNREACHABLE_CODE = YES;
				CLANG_WARN__DUPLICATE_METHOD_MATCH = YES;
				COPY_PHASE_STRIP = NO;
				DEBUG_INFORMATION_FORMAT = "dwarf-with-dsym";
				ENABLE_NS_ASSERTIONS = NO;
				ENABLE_STRICT_OBJC_MSGSEND = YES;
				GCC_C_LANGUAGE_STANDARD = gnu11;
				GCC_NO_COMMON_BLOCKS = YES;
				GCC_WARN_64_TO_32_BIT_CONVERSION = YES;
				GCC_WARN_ABOUT_RETURN_TYPE = YES_ERROR;
				GCC_WARN_UNDECLARED_SELECTOR = YES;
				GCC_WARN_UNINITIALIZED_AUTOS = YES_AGGRESSIVE;
				GCC_WARN_UNUSED_FUNCTION = YES;
				GCC_WARN_UNUSED_VARIABLE = YES;
				IPHONEOS_DEPLOYMENT_TARGET = 13.7;
				MTL_ENABLE_DEBUG_INFO = NO;
				MTL_FAST_MATH = YES;
				SDKROOT = iphoneos;
				SWIFT_COMPILATION_MODE = wholemodule;
				SWIFT_OPTIMIZATION_LEVEL = "-O";
				VALIDATE_PRODUCT = YES;
			};
			name = Release;
		};
		1F5BF64E2512693A0011C48E /* Debug */ = {
			isa = XCBuildConfiguration;
			buildSettings = {
				ASSETCATALOG_COMPILER_APPICON_NAME = AppIcon;
				CODE_SIGN_STYLE = Automatic;
				DEVELOPMENT_TEAM = V5AQVD3P26;
				INFOPLIST_FILE = RestCountries/Info.plist;
				LD_RUNPATH_SEARCH_PATHS = (
					"$(inherited)",
					"@executable_path/Frameworks",
				);
				PRODUCT_BUNDLE_IDENTIFIER = lv.sidzapp.RestCountries;
				PRODUCT_NAME = "$(TARGET_NAME)";
				SWIFT_VERSION = 5.0;
				TARGETED_DEVICE_FAMILY = "1,2";
			};
			name = Debug;
		};
		1F5BF64F2512693A0011C48E /* Release */ = {
			isa = XCBuildConfiguration;
			buildSettings = {
				ASSETCATALOG_COMPILER_APPICON_NAME = AppIcon;
				CODE_SIGN_STYLE = Automatic;
				DEVELOPMENT_TEAM = V5AQVD3P26;
				INFOPLIST_FILE = RestCountries/Info.plist;
				LD_RUNPATH_SEARCH_PATHS = (
					"$(inherited)",
					"@executable_path/Frameworks",
				);
				PRODUCT_BUNDLE_IDENTIFIER = lv.sidzapp.RestCountries;
				PRODUCT_NAME = "$(TARGET_NAME)";
				SWIFT_VERSION = 5.0;
				TARGETED_DEVICE_FAMILY = "1,2";
			};
			name = Release;
		};
/* End XCBuildConfiguration section */

/* Begin XCConfigurationList section */
		1F5BF634251269360011C48E /* Build configuration list for PBXProject "RestCountries" */ = {
			isa = XCConfigurationList;
			buildConfigurations = (
				1F5BF64B2512693A0011C48E /* Debug */,
				1F5BF64C2512693A0011C48E /* Release */,
			);
			defaultConfigurationIsVisible = 0;
			defaultConfigurationName = Release;
		};
		1F5BF64D2512693A0011C48E /* Build configuration list for PBXNativeTarget "RestCountries" */ = {
			isa = XCConfigurationList;
			buildConfigurations = (
				1F5BF64E2512693A0011C48E /* Debug */,
				1F5BF64F2512693A0011C48E /* Release */,
			);
			defaultConfigurationIsVisible = 0;
			defaultConfigurationName = Release;
		};
/* End XCConfigurationList section */

/* Begin XCRemoteSwiftPackageReference section */
		1F5BF650251274EB0011C48E /* XCRemoteSwiftPackageReference "Alamofire" */ = {
			isa = XCRemoteSwiftPackageReference;
			repositoryURL = "https://github.com/Alamofire/Alamofire.git";
			requirement = {
				kind = upToNextMajorVersion;
				minimumVersion = 5.2.2;
			};
		};
/* End XCRemoteSwiftPackageReference section */

/* Begin XCSwiftPackageProductDependency section */
		1F5BF651251274EB0011C48E /* Alamofire */ = {
			isa = XCSwiftPackageProductDependency;
			package = 1F5BF650251274EB0011C48E /* XCRemoteSwiftPackageReference "Alamofire" */;
			productName = Alamofire;
		};
/* End XCSwiftPackageProductDependency section */
	};
	rootObject = 1F5BF631251269360011C48E /* Project object */;
}
